
Microsoft Visual Studio Solution File, Format Version 12.00
# Visual Studio Version 16
VisualStudioVersion = 16.0.31605.320
MinimumVisualStudioVersion = 10.0.40219.1
Project("{2150E333-8FDC-42A3-9474-1A3956D46DE8}") = "Host", "Host", "{F6FFF1F1-6748-4360-A36D-35DB8165A4FE}"
EndProject
Project("{FAE04EC0-301F-11D3-BF4B-00C04F79EFBC}") = "API", "Host\API\API.csproj", "{6D464A0D-4F7A-468D-9432-1E983BC2C88B}"
EndProject
Project("{2150E333-8FDC-42A3-9474-1A3956D46DE8}") = "Modules", "Modules", "{A79D4EB3-8996-4856-96B4-1F42FD5ADBA2}"
EndProject
Project("{2150E333-8FDC-42A3-9474-1A3956D46DE8}") = "User", "User", "{BEA9E9E0-1F50-4D78-A080-C02E9A30A7BE}"
EndProject
Project("{2150E333-8FDC-42A3-9474-1A3956D46DE8}") = "Site", "Site", "{AD44FB33-5B66-43A2-B098-85A2379232C3}"
EndProject
Project("{FAE04EC0-301F-11D3-BF4B-00C04F79EFBC}") = "Module.User", "Modules\User\Module.User\Module.User.csproj", "{F3640A39-81B0-443A-A4D0-452E7E7D92CD}"
EndProject
Project("{FAE04EC0-301F-11D3-BF4B-00C04F79EFBC}") = "Module.User.Core", "Modules\User\Module.User.Core\Module.User.Core.csproj", "{6E4C9485-3906-45AC-9648-7D90133303A8}"
EndProject
Project("{FAE04EC0-301F-11D3-BF4B-00C04F79EFBC}") = "Module.User.Infrastructure", "Modules\User\Module.User.Infrastructure\Module.User.Infrastructure.csproj", "{6B422104-5C02-4146-9D1D-ED3BCC31DF2E}"
EndProject
Project("{FAE04EC0-301F-11D3-BF4B-00C04F79EFBC}") = "Module.Site", "Modules\Site\Module.Site\Module.Site.csproj", "{A87D7A5E-F2E0-4F2D-A872-F2D28D5991F9}"
EndProject
Project("{FAE04EC0-301F-11D3-BF4B-00C04F79EFBC}") = "Module.Site.Core", "Modules\Site\Module.Site.Core\Module.Site.Core.csproj", "{D0727B0E-D3A1-4474-AC8D-E2C4A636EF85}"
EndProject
Project("{FAE04EC0-301F-11D3-BF4B-00C04F79EFBC}") = "Module.Site.Infrastructure", "Modules\Site\Module.Site.Infrastructure\Module.Site.Infrastructure.csproj", "{7DD83F50-1888-424F-B056-E9FD63090701}"
EndProject
Project("{2150E333-8FDC-42A3-9474-1A3956D46DE8}") = "Shared", "Shared", "{D04B3873-CC62-4005-941E-6BE751512F85}"
EndProject
Project("{FAE04EC0-301F-11D3-BF4B-00C04F79EFBC}") = "Shared.Core", "Shared\Shared.Core\Shared.Core.csproj", "{4AAF33DC-8C5B-4865-AB19-A0D6A4EA639B}"
EndProject
Project("{FAE04EC0-301F-11D3-BF4B-00C04F79EFBC}") = "Shared.Infrastructure", "Shared\Shared.Infrastructure\Shared.Infrastructure.csproj", "{92D53C15-6A1C-4FB0-89C8-71B64C9F16B0}"
EndProject
Project("{FAE04EC0-301F-11D3-BF4B-00C04F79EFBC}") = "Share.Models", "Shared\Share.Models\Share.Models.csproj", "{E629FA92-3F40-424E-B862-0E446B860EF1}"
EndProject
Project("{2150E333-8FDC-42A3-9474-1A3956D46DE8}") = "Company", "Company", "{CA859EA4-F32A-42F0-BCAB-DE4DEEF3E895}"
EndProject
Project("{FAE04EC0-301F-11D3-BF4B-00C04F79EFBC}") = "Module.Company", "Modules\Company\Module.Company\Module.Company.csproj", "{49A1D3AB-5462-42F6-B734-72DDA17781A7}"
EndProject
Project("{FAE04EC0-301F-11D3-BF4B-00C04F79EFBC}") = "Module.Company.Core", "Modules\Company\Module.Company.Core\Module.Company.Core.csproj", "{8208D1AF-CB10-4761-9426-A9165D3CED26}"
EndProject
Project("{FAE04EC0-301F-11D3-BF4B-00C04F79EFBC}") = "Module.Company.Infrastructure", "Modules\Company\Module.Company.Infrastructure\Module.Company.Infrastructure.csproj", "{76B4FF13-6ACB-4AD5-8D3F-A237AFD06720}"
EndProject
Global
	GlobalSection(SolutionConfigurationPlatforms) = preSolution
		Debug|Any CPU = Debug|Any CPU
		Release|Any CPU = Release|Any CPU
	EndGlobalSection
	GlobalSection(ProjectConfigurationPlatforms) = postSolution
		{6D464A0D-4F7A-468D-9432-1E983BC2C88B}.Debug|Any CPU.ActiveCfg = Debug|Any CPU
		{6D464A0D-4F7A-468D-9432-1E983BC2C88B}.Debug|Any CPU.Build.0 = Debug|Any CPU
		{6D464A0D-4F7A-468D-9432-1E983BC2C88B}.Release|Any CPU.ActiveCfg = Release|Any CPU
		{6D464A0D-4F7A-468D-9432-1E983BC2C88B}.Release|Any CPU.Build.0 = Release|Any CPU
		{F3640A39-81B0-443A-A4D0-452E7E7D92CD}.Debug|Any CPU.ActiveCfg = Debug|Any CPU
		{F3640A39-81B0-443A-A4D0-452E7E7D92CD}.Debug|Any CPU.Build.0 = Debug|Any CPU
		{F3640A39-81B0-443A-A4D0-452E7E7D92CD}.Release|Any CPU.ActiveCfg = Release|Any CPU
		{F3640A39-81B0-443A-A4D0-452E7E7D92CD}.Release|Any CPU.Build.0 = Release|Any CPU
		{6E4C9485-3906-45AC-9648-7D90133303A8}.Debug|Any CPU.ActiveCfg = Debug|Any CPU
		{6E4C9485-3906-45AC-9648-7D90133303A8}.Debug|Any CPU.Build.0 = Debug|Any CPU
		{6E4C9485-3906-45AC-9648-7D90133303A8}.Release|Any CPU.ActiveCfg = Release|Any CPU
		{6E4C9485-3906-45AC-9648-7D90133303A8}.Release|Any CPU.Build.0 = Release|Any CPU
		{6B422104-5C02-4146-9D1D-ED3BCC31DF2E}.Debug|Any CPU.ActiveCfg = Debug|Any CPU
		{6B422104-5C02-4146-9D1D-ED3BCC31DF2E}.Debug|Any CPU.Build.0 = Debug|Any CPU
		{6B422104-5C02-4146-9D1D-ED3BCC31DF2E}.Release|Any CPU.ActiveCfg = Release|Any CPU
		{6B422104-5C02-4146-9D1D-ED3BCC31DF2E}.Release|Any CPU.Build.0 = Release|Any CPU
		{A87D7A5E-F2E0-4F2D-A872-F2D28D5991F9}.Debug|Any CPU.ActiveCfg = Debug|Any CPU
		{A87D7A5E-F2E0-4F2D-A872-F2D28D5991F9}.Debug|Any CPU.Build.0 = Debug|Any CPU
		{A87D7A5E-F2E0-4F2D-A872-F2D28D5991F9}.Release|Any CPU.ActiveCfg = Release|Any CPU
		{A87D7A5E-F2E0-4F2D-A872-F2D28D5991F9}.Release|Any CPU.Build.0 = Release|Any CPU
		{D0727B0E-D3A1-4474-AC8D-E2C4A636EF85}.Debug|Any CPU.ActiveCfg = Debug|Any CPU
		{D0727B0E-D3A1-4474-AC8D-E2C4A636EF85}.Debug|Any CPU.Build.0 = Debug|Any CPU
		{D0727B0E-D3A1-4474-AC8D-E2C4A636EF85}.Release|Any CPU.ActiveCfg = Release|Any CPU
		{D0727B0E-D3A1-4474-AC8D-E2C4A636EF85}.Release|Any CPU.Build.0 = Release|Any CPU
		{7DD83F50-1888-424F-B056-E9FD63090701}.Debug|Any CPU.ActiveCfg = Debug|Any CPU
		{7DD83F50-1888-424F-B056-E9FD63090701}.Debug|Any CPU.Build.0 = Debug|Any CPU
		{7DD83F50-1888-424F-B056-E9FD63090701}.Release|Any CPU.ActiveCfg = Release|Any CPU
		{7DD83F50-1888-424F-B056-E9FD63090701}.Release|Any CPU.Build.0 = Release|Any CPU
		{4AAF33DC-8C5B-4865-AB19-A0D6A4EA639B}.Debug|Any CPU.ActiveCfg = Debug|Any CPU
		{4AAF33DC-8C5B-4865-AB19-A0D6A4EA639B}.Debug|Any CPU.Build.0 = Debug|Any CPU
		{4AAF33DC-8C5B-4865-AB19-A0D6A4EA639B}.Release|Any CPU.ActiveCfg = Release|Any CPU
		{4AAF33DC-8C5B-4865-AB19-A0D6A4EA639B}.Release|Any CPU.Build.0 = Release|Any CPU
		{92D53C15-6A1C-4FB0-89C8-71B64C9F16B0}.Debug|Any CPU.ActiveCfg = Debug|Any CPU
		{92D53C15-6A1C-4FB0-89C8-71B64C9F16B0}.Debug|Any CPU.Build.0 = Debug|Any CPU
		{92D53C15-6A1C-4FB0-89C8-71B64C9F16B0}.Release|Any CPU.ActiveCfg = Release|Any CPU
		{92D53C15-6A1C-4FB0-89C8-71B64C9F16B0}.Release|Any CPU.Build.0 = Release|Any CPU
		{E629FA92-3F40-424E-B862-0E446B860EF1}.Debug|Any CPU.ActiveCfg = Debug|Any CPU
		{E629FA92-3F40-424E-B862-0E446B860EF1}.Debug|Any CPU.Build.0 = Debug|Any CPU
		{E629FA92-3F40-424E-B862-0E446B860EF1}.Release|Any CPU.ActiveCfg = Release|Any CPU
		{E629FA92-3F40-424E-B862-0E446B860EF1}.Release|Any CPU.Build.0 = Release|Any CPU
		{49A1D3AB-5462-42F6-B734-72DDA17781A7}.Debug|Any CPU.ActiveCfg = Debug|Any CPU
		{49A1D3AB-5462-42F6-B734-72DDA17781A7}.Debug|Any CPU.Build.0 = Debug|Any CPU
		{49A1D3AB-5462-42F6-B734-72DDA17781A7}.Release|Any CPU.ActiveCfg = Release|Any CPU
		{49A1D3AB-5462-42F6-B734-72DDA17781A7}.Release|Any CPU.Build.0 = Release|Any CPU
		{8208D1AF-CB10-4761-9426-A9165D3CED26}.Debug|Any CPU.ActiveCfg = Debug|Any CPU
		{8208D1AF-CB10-4761-9426-A9165D3CED26}.Debug|Any CPU.Build.0 = Debug|Any CPU
		{8208D1AF-CB10-4761-9426-A9165D3CED26}.Release|Any CPU.ActiveCfg = Release|Any CPU
		{8208D1AF-CB10-4761-9426-A9165D3CED26}.Release|Any CPU.Build.0 = Release|Any CPU
		{76B4FF13-6ACB-4AD5-8D3F-A237AFD06720}.Debug|Any CPU.ActiveCfg = Debug|Any CPU
		{76B4FF13-6ACB-4AD5-8D3F-A237AFD06720}.Debug|Any CPU.Build.0 = Debug|Any CPU
		{76B4FF13-6ACB-4AD5-8D3F-A237AFD06720}.Release|Any CPU.ActiveCfg = Release|Any CPU
		{76B4FF13-6ACB-4AD5-8D3F-A237AFD06720}.Release|Any CPU.Build.0 = Release|Any CPU
	EndGlobalSection
	GlobalSection(SolutionProperties) = preSolution
		HideSolutionNode = FALSE
	EndGlobalSection
	GlobalSection(NestedProjects) = preSolution
		{6D464A0D-4F7A-468D-9432-1E983BC2C88B} = {F6FFF1F1-6748-4360-A36D-35DB8165A4FE}
		{BEA9E9E0-1F50-4D78-A080-C02E9A30A7BE} = {A79D4EB3-8996-4856-96B4-1F42FD5ADBA2}
		{AD44FB33-5B66-43A2-B098-85A2379232C3} = {A79D4EB3-8996-4856-96B4-1F42FD5ADBA2}
		{F3640A39-81B0-443A-A4D0-452E7E7D92CD} = {BEA9E9E0-1F50-4D78-A080-C02E9A30A7BE}
		{6E4C9485-3906-45AC-9648-7D90133303A8} = {BEA9E9E0-1F50-4D78-A080-C02E9A30A7BE}
		{6B422104-5C02-4146-9D1D-ED3BCC31DF2E} = {BEA9E9E0-1F50-4D78-A080-C02E9A30A7BE}
		{A87D7A5E-F2E0-4F2D-A872-F2D28D5991F9} = {AD44FB33-5B66-43A2-B098-85A2379232C3}
		{D0727B0E-D3A1-4474-AC8D-E2C4A636EF85} = {AD44FB33-5B66-43A2-B098-85A2379232C3}
		{7DD83F50-1888-424F-B056-E9FD63090701} = {AD44FB33-5B66-43A2-B098-85A2379232C3}
		{4AAF33DC-8C5B-4865-AB19-A0D6A4EA639B} = {D04B3873-CC62-4005-941E-6BE751512F85}
		{92D53C15-6A1C-4FB0-89C8-71B64C9F16B0} = {D04B3873-CC62-4005-941E-6BE751512F85}
		{E629FA92-3F40-424E-B862-0E446B860EF1} = {D04B3873-CC62-4005-941E-6BE751512F85}
		{CA859EA4-F32A-42F0-BCAB-DE4DEEF3E895} = {A79D4EB3-8996-4856-96B4-1F42FD5ADBA2}
		{49A1D3AB-5462-42F6-B734-72DDA17781A7} = {CA859EA4-F32A-42F0-BCAB-DE4DEEF3E895}
		{8208D1AF-CB10-4761-9426-A9165D3CED26} = {CA859EA4-F32A-42F0-BCAB-DE4DEEF3E895}
		{76B4FF13-6ACB-4AD5-8D3F-A237AFD06720} = {CA859EA4-F32A-42F0-BCAB-DE4DEEF3E895}
	EndGlobalSection
	GlobalSection(ExtensibilityGlobals) = postSolution
		SolutionGuid = {969AF5BD-6440-4327-A8D2-1AF827352B9E}
	EndGlobalSection
EndGlobal
